
Microsoft Visual Studio Solution File, Format Version 12.00
# Visual Studio Version 17
VisualStudioVersion = 17.0.32112.339
MinimumVisualStudioVersion = 10.0.40219.1
Project("{FAE04EC0-301F-11D3-BF4B-00C04F79EFBC}") = "CMS_ASPNETCore", "CMS_ASPNETCore\CMS_ASPNETCore.csproj", "{1C748BDE-4F75-4404-A3EC-E22D580927FB}"
EndProject
Global
	GlobalSection(SolutionConfigurationPlatforms) = preSolution
		Debug|Any CPU = Debug|Any CPU
		Release|Any CPU = Release|Any CPU
	EndGlobalSection
	GlobalSection(ProjectConfigurationPlatforms) = postSolution
		{1C748BDE-4F75-4404-A3EC-E22D580927FB}.Debug|Any CPU.ActiveCfg = Debug|Any CPU
		{1C748BDE-4F75-4404-A3EC-E22D580927FB}.Debug|Any CPU.Build.0 = Debug|Any CPU
		{1C748BDE-4F75-4404-A3EC-E22D580927FB}.Release|Any CPU.ActiveCfg = Release|Any CPU
		{1C748BDE-4F75-4404-A3EC-E22D580927FB}.Release|Any CPU.Build.0 = Release|Any CPU
	EndGlobalSection
	GlobalSection(SolutionProperties) = preSolution
		HideSolutionNode = FALSE
	EndGlobalSection
	GlobalSection(ExtensibilityGlobals) = postSolution
		SolutionGuid = {7C03CF9E-A37E-4B63-8DCA-8BD3D858D32A}
	EndGlobalSection
EndGlobal
